{
  "name": "vst-chunk-inspector",
  "version": "1.0.0",
  "lockfileVersion": 1,
  "requires": true,
  "dependencies": {
    "await-event": {
      "version": "2.1.0",
      "resolved": "https://registry.npmjs.org/await-event/-/await-event-2.1.0.tgz",
      "integrity": "sha1-eOn5JoS65AIvn6C18xShFVD5qnY="
    },
    "await-first": {
      "version": "1.0.0",
      "resolved": "https://registry.npmjs.org/await-first/-/await-first-1.0.0.tgz",
      "integrity": "sha512-SK20HicVu6lXvNM0nS1flurrs4/1NdhvccvEn52Gf+vpERZnnkKBnJvAQDsYkzJnsHs1bRNNKEiobEet7a/0TA==",
      "requires": {
        "ee-first": "^1.1.1"
      }
    },
    "binpack": {
      "version": "0.1.0",
      "resolved": "https://registry.npmjs.org/binpack/-/binpack-0.1.0.tgz",
      "integrity": "sha1-vT0JdMPyoERuF99PYLVacqIFqX4="
    },
    "capitalize": {
      "version": "1.0.0",
      "resolved": "https://registry.npmjs.org/capitalize/-/capitalize-1.0.0.tgz",
      "integrity": "sha1-3IAsWAruEBkpAg0soUtMqKCuRL4="
    },
    "co": {
      "version": "4.6.0",
      "resolved": "https://registry.npmjs.org/co/-/co-4.6.0.tgz",
      "integrity": "sha1-bqa989hTrlTMuOR7+gvz+QMfsYQ="
    },
    "core-util-is": {
      "version": "1.0.2",
      "resolved": "https://registry.npmjs.org/core-util-is/-/core-util-is-1.0.2.tgz",
      "integrity": "sha1-tf1UIgqivFq1eqtxQMlAdUUDwac="
    },
    "ee-first": {
      "version": "1.1.1",
      "resolved": "https://registry.npmjs.org/ee-first/-/ee-first-1.1.1.tgz",
      "integrity": "sha1-WQxhFWsK4vTwJVcyoViyZrxWsh0="
    },
    "expr-eval": {
      "version": "2.0.2",
      "resolved": "https://registry.npmjs.org/expr-eval/-/expr-eval-2.0.2.tgz",
      "integrity": "sha512-4EMSHGOPSwAfBiibw3ndnP0AvjDWLsMvGOvWEZ2F96IGk0bIVdjQisOHxReSkE13mHcfbuCiXw+G4y0zv6N8Eg=="
    },
    "fluid-music": {
      "version": "0.1.0",
      "resolved": "https://registry.npmjs.org/fluid-music/-/fluid-music-0.1.0.tgz",
      "integrity": "sha512-quUTKDHgloOcE+kuOr54RvZqDWtffFifyTG1yH5igMdjS5g1ov3X80kd+zId3S15kLXtxJ5aN0gNckdJsgtNGQ==",
      "requires": {
        "expr-eval": "^2.0.2",
        "osc-ipc-client": "^1.1.3",
        "osc-min": "^1.1.2",
        "ramda": "^0.27.0",
        "sharp11": "^2.0.2",
        "yaml": "^1.9.2"
      }
    },
    "graceful-fs": {
      "version": "4.2.4",
      "resolved": "https://registry.npmjs.org/graceful-fs/-/graceful-fs-4.2.4.tgz",
      "integrity": "sha512-WjKPNJF79dtJAVniUlGGWHYGz2jWxT6VhN/4m1NdkbZ2nOsEF+cI1Edgql5zCRhs/VsQYRvrXctxktVXZUkixw==",
      "optional": true
    },
    "is-class-hotfix": {
      "version": "0.0.6",
      "resolved": "https://registry.npmjs.org/is-class-hotfix/-/is-class-hotfix-0.0.6.tgz",
      "integrity": "sha512-0n+pzCC6ICtVr/WXnN2f03TK/3BfXY7me4cjCAqT8TYXEl0+JBRoqBo94JJHXcyDSLUeWbNX8Fvy5g5RJdAstQ=="
    },
    "is-type-of": {
      "version": "1.2.1",
      "resolved": "https://registry.npmjs.org/is-type-of/-/is-type-of-1.2.1.tgz",
      "integrity": "sha512-uK0kyX9LZYhSDS7H2sVJQJop1UnWPWmo5RvR3q2kFH6AUHYs7sOrVg0b4nyBHw29kRRNFofYN/JbHZDlHiItTA==",
      "requires": {
        "core-util-is": "^1.0.2",
        "is-class-hotfix": "~0.0.6",
        "isstream": "~0.1.2"
      }
    },
    "isstream": {
      "version": "0.1.2",
      "resolved": "https://registry.npmjs.org/isstream/-/isstream-0.1.2.tgz",
      "integrity": "sha1-R+Y/evVa+m+S4VAOaQ64uFKcCZo="
    },
    "jsonfile": {
      "version": "2.4.0",
      "resolved": "https://registry.npmjs.org/jsonfile/-/jsonfile-2.4.0.tgz",
      "integrity": "sha1-NzaitCi4e72gzIO1P6PWM6NcKug=",
      "requires": {
        "graceful-fs": "^4.1.6"
      }
    },
    "mod-loop": {
      "version": "0.0.2",
      "resolved": "https://registry.npmjs.org/mod-loop/-/mod-loop-0.0.2.tgz",
      "integrity": "sha1-1FyOS0yDMRU33HpupeUPfWrvCNQ="
    },
    "osc-ipc-client": {
      "version": "1.1.3",
      "resolved": "https://registry.npmjs.org/osc-ipc-client/-/osc-ipc-client-1.1.3.tgz",
      "integrity": "sha512-mI5XvMGFUssdzKPoj/6JaR/kQckh31YHns8Ju+djsiZsYyveMCcTKZnldIDQZkH8LbNVXRLeXxn4eN6m9AboEA==",
      "requires": {
        "osc-min": "^1.1.2",
        "tcp-base": "^3.1.0"
      }
    },
    "osc-min": {
      "version": "1.1.2",
      "resolved": "https://registry.npmjs.org/osc-min/-/osc-min-1.1.2.tgz",
      "integrity": "sha512-8DbiO8ME85R75stgNVCZtHxB9MNBBNcyy+isNBXrsFeinXGjwNAauvKVmGlfRas5VJWC/mhzIx7spR2gFvWxvg==",
      "requires": {
        "binpack": "~0"
      }
    },
    "ramda": {
      "version": "0.27.0",
      "resolved": "https://registry.npmjs.org/ramda/-/ramda-0.27.0.tgz",
      "integrity": "sha512-pVzZdDpWwWqEVVLshWUHjNwuVP7SfcmPraYuqocJp1yo2U1R7P+5QAfDhdItkuoGqIBnBYrtPp7rEPqDn9HlZA=="
    },
    "random-js": {
      "version": "1.0.8",
      "resolved": "https://registry.npmjs.org/random-js/-/random-js-1.0.8.tgz",
      "integrity": "sha1-lo/WiabyXWwKrHZig94vaIycGQo="
    },
    "sdk-base": {
      "version": "3.6.0",
      "resolved": "https://registry.npmjs.org/sdk-base/-/sdk-base-3.6.0.tgz",
      "integrity": "sha512-jxHUIrRLlAoRFRwiXKhOGjd6BeFWO/jz7tv+E7lbMSef6F9jzFN2Sv3hLW58oDDKscKaBGG6vQdkbXn7isE7fw==",
      "requires": {
        "await-event": "^2.1.0",
        "await-first": "^1.0.0",
        "co": "^4.6.0",
        "is-type-of": "^1.2.1"
      }
    },
    "sharp11": {
      "version": "2.0.2",
      "resolved": "https://registry.npmjs.org/sharp11/-/sharp11-2.0.2.tgz",
      "integrity": "sha1-1S2qQYdxhYcOq/PX6U+0enGDZU8=",
      "requires": {
        "capitalize": "^1.0.0",
        "jsonfile": "^2.4.0",
        "mod-loop": "0.0.2",
        "random-js": "^1.0.8",
        "underscore": "^1.8.3"
      }
    },
    "tcp-base": {
      "version": "3.1.0",
      "resolved": "https://registry.npmjs.org/tcp-base/-/tcp-base-3.1.0.tgz",
      "integrity": "sha512-5iTlUaVmeZBzyq9cSVjB4mzKtvBP2wpkbVZoMdRhFwq35DYUBAfeTgAD31NYJSba3HVxetjuqKlAkUUHlWoShw==",
      "requires": {
        "is-type-of": "^1.0.0",
        "sdk-base": "^3.1.1"
      }
    },
    "underscore": {
      "version": "1.10.2",
      "resolved": "https://registry.npmjs.org/underscore/-/underscore-1.10.2.tgz",
      "integrity": "sha512-N4P+Q/BuyuEKFJ43B9gYuOj4TQUHXX+j2FqguVOpjkssLUUrnJofCcBccJSCoeturDoZU6GorDTHSvUDlSQbTg=="
    },
    "yaml": {
      "version": "1.10.0",
      "resolved": "https://registry.npmjs.org/yaml/-/yaml-1.10.0.tgz",
      "integrity": "sha512-yr2icI4glYaNG+KWONODapy2/jDdMSDnrONSjblABjD9B4Z5LgiircSt8m8sRZFNi08kG9Sm0uSHtEmP3zaEGg=="
    }
  }
}
